schema: '2.0'
stages:
  prepare:
    cmd: python src/create_features_w_params.py
    deps:
    - path: data/adult.data
      hash: md5
      md5: 5d7c39d7b8804f071cdd1f2a7c460872
      size: 3974305
    - path: data/adult.test
      hash: md5
      md5: 366c746021dc50ad9d933d2817612fc9
      size: 2003132
    - path: src/create_features_w_params.py
      hash: md5
      md5: 4c599dcbee8be853eef6b98ec6607292
      size: 3469
    params:
      params.yaml:
        features.chi2percentile: 50
        features.test_path: data/adult.test
        features.train_path: data/adult.data
    outs:
    - path: data/pipeline.pkl
      hash: md5
      md5: 0ccf6f7c024f21a5d727f2e45bd61728
      size: 6104
    - path: data/processed_test_data.csv
      hash: md5
      md5: a59c8daac38fe1ca84dda2b458ee762a
      size: 5409602
    - path: data/processed_train_data.csv
      hash: md5
      md5: adf63b6ce20f7ee74f63d5dabb325226
      size: 10829967
  preprocess:
    cmd: python src/preprocessing.py
    deps:
    - path: data/california_housing_test.csv
      hash: md5
      md5: 29f5021a44d76ffbe8a496ecf424b5a8
      size: 378574
    - path: data/california_housing_train.csv
      hash: md5
      md5: cbdbc91fd6430c5d981841570bda0d12
      size: 1516656
    - path: src/preprocessing.py
      hash: md5
      md5: 5f7633ed395b24aa4f2ad3cac7f4b60e
      size: 2014
    params:
      params.yaml:
        preprocessing.test_path: data/california_housing_test.csv
        preprocessing.train_path: data/california_housing_train.csv
    outs:
    - path: data/preprocessing_pipeline.pkl
      hash: md5
      md5: e309b3e9a5b5faaee2e4fe5f52f47f5d
      size: 1235
    - path: data/processed_test_features.csv
      hash: md5
      md5: 5c435f0a0b7e54522a4f49ec672c232c
      size: 658675
    - path: data/processed_test_target.csv
      hash: md5
      md5: 2903cf024ef6300f9a596495640cfb0f
      size: 24473
    - path: data/processed_train_features.csv
      hash: md5
      md5: 3df899e8fe59b6cbd4233eeee280c9f6
      size: 2633374
    - path: data/processed_train_target.csv
      hash: md5
      md5: 46fedb3f66c8485f2b6947dd351fdc0b
      size: 97961
